github.com/BurntSushi/toml v0.3.0 h1:e1/Ivsx3Z0FVTV0NSOv/aVgbUWyQuzj7DDnFblkRvsY=
github.com/BurntSushi/toml v0.3.0/go.mod h1:xHWCNGjB5oqiDr8zfno3MHue2Ht5sIBksp03qcyfWMU=
github.com/bazelbuild/bazel v0.0.0-20190329020441-36863e2c3d96 h1:/vqxj8pjzQEFj7IyNMZBOwsJFu10zNzMfgftg1u5CPE=
github.com/bazelbuild/bazel-gazelle v0.0.0-20181220163313-cdeedbd62467 h1:UAAr18IbmGSK9Jw0dqmU63eMc4BqPgFeHKvktOzmx+o=
github.com/bazelbuild/bazel-gazelle v0.0.0-20181220163313-cdeedbd62467/go.mod h1:uHBSeeATKpVazAACZBDPL/Nk/UhQDDsJWDlqYJo8/Us=
github.com/bazelbuild/buildtools v0.0.0-20180226164855-80c7f0d45d7e h1:VuTBHPJNCQ88Okm9ld5SyLCvU50soWJYQYjQFdcDxew=
github.com/bazelbuild/buildtools v0.0.0-20180226164855-80c7f0d45d7e/go.mod h1:5JP0TXzWDHXv8qvxRC4InIazwdyDseBDbzESUMKk1yU=
github.com/davecgh/go-spew v1.1.0 h1:ZDRjVQ15GmhC3fiQ8ni8+OwkZQO4DARzQgrnXU1Liz8=
github.com/davecgh/go-spew v1.1.0/go.mod h1:J7Y8YcW2NihsgmVo/mv3lAwl/skON4iLHjSsI+c5H38=
github.com/fsnotify/fsnotify v1.4.7/go.mod h1:jwhsz4b93w/PPRr/qN1Yymfu8t87LnFCMoQvtojpjFo=
github.com/golang/protobuf v1.3.1 h1:YF8+flBXS5eO826T4nzqPrxfhQThhXl0YzfuUPu4SBg=
github.com/golang/protobuf v1.3.1/go.mod h1:6lQm79b+lXiMfvg/cZm0SGofjICqVBUtrP5yJMmIC1U=
github.com/pelletier/go-toml v1.0.1/go.mod h1:5z9KED0ma1S8pY6P1sdut58dfprrGBbd/94hg7ilaic=
github.com/pelletier/go-toml v1.1.0 h1:cmiOvKzEunMsAxyhXSzpL5Q1CRKpVv0KQsnAIcSEVYM=
github.com/pelletier/go-toml v1.1.0/go.mod h1:5z9KED0ma1S8pY6P1sdut58dfprrGBbd/94hg7ilaic=
github.com/pmezard/go-difflib v1.0.0 h1:4DBwDE0NGyQoBHbLQYPwSUPoCMWR5BEzIk/f1lZbAQM=
github.com/pmezard/go-difflib v1.0.0/go.mod h1:iKH77koFhYxTK1pcRnkKkqfTogsbg7gZNVY4sRDYZ/4=
golang.org/x/build v0.0.0-20171220025321-125f04e1fc4b h1:Hgyq56/B1VbKi6tNXTJq3eo63zJbRzQr4uBZqiciilA=
golang.org/x/build v0.0.0-20171220025321-125f04e1fc4b/go.mod h1:xwoxzDSBtVMfGm9EGvIEcwZxBYS/6ALXnEvsP1TooIk=
golang.org/x/sys v0.0.0-20181004145325-8469e314837c/go.mod h1:STP8DvDyc/dI5b8T5hshtkjS+E42TnysNCUPdjciGhY=
golang.org/x/tools v0.0.0-20170824195420-5d2fd3ccab98/go.mod h1:n7NCudcB/nEzxVGmLbDWY5pfWTLqBcC2KZ6jyYvM4mQ=
golang.org/x/tools v0.0.0-20180324185418-77106db15f68 h1:6T3Puo9MAturjP+NxBZMDqBW4xBuPX92OefPhcWB6AE=
golang.org/x/tools v0.0.0-20180324185418-77106db15f68/go.mod h1:n7NCudcB/nEzxVGmLbDWY5pfWTLqBcC2KZ6jyYvM4mQ=
gopkg.in/check.v1 v0.0.0-20161208181325-20d25e280405 h1:yhCVgyC4o1eVCa2tZl7eS0r+SDo693bJlVdllGtEeKM=
gopkg.in/check.v1 v0.0.0-20161208181325-20d25e280405/go.mod h1:Co6ibVJAznAaIkqp8huTwlJQCZ016jof/cbN4VW5Yz0=
gopkg.in/yaml.v2 v2.2.1 h1:mUhvW9EsL+naU5Q3cakzfE91YhliOondGd6ZrsDBHQE=
gopkg.in/yaml.v2 v2.2.1/go.mod h1:hI93XBmqTisBFMUTm0b8Fm+jr3Dg1NNxqwp+5A1VGuI=
k8s.io/klog v0.0.0-20181102134211-b9b56d5dfc92 h1:PgoMI/L1Nu5Vmvgm+vGheLuxKST8h6FMOqggyAFtHPc=
k8s.io/klog v0.0.0-20181102134211-b9b56d5dfc92/go.mod h1:Gq+BEi5rUBO/HRz0bTSXDUcqjScdoY3a9IHpCEIOOfk=
